
Microsoft Visual Studio Solution File, Format Version 12.00
# Visual Studio Version 17
VisualStudioVersion = 17.5.002.0
MinimumVisualStudioVersion = 10.0.40219.1

Project("{9A19103F-16F7-4668-BE54-9A1E7A4F7556}") = "PresentationLayer\ApiGateway", "PresentationLayer\ApiGateway\rick-morty-app.csproj", "{A3FEA4E6-A5DA-47CB-982D-AC5BD6FC60A7}"
EndProject

Project("{dbd03457-f5f9-4f9d-a508-04b16824b8e1}") = "EntityLayer", "EntityLayer\EntityLayer.csproj", "{E3A3A3A3-3A3A-3A3A-3A3A-3A3A3A3A3A3A}"
EndProject

Project("{22ee5fb9-402b-4b30-94d5-f7953af4c467}") = "BusinessLogicLayer", "BusinessLogicLayer\BusinessLogicLayer.csproj", "{7e8a2303-5066-4c7e-9aa6-c0d51f3c2d3f}"
EndProject

Project("{c1394346-52fa-4ebf-aec0-3b7836d2225e}") = "DataAccessLayer", "DataAccessLayer\DataAccessLayer.csproj", "{46c61996-171c-45c4-ac1e-81e25581a436}"
EndProject

Project("{8a736711-9788-4853-bcb2-cb4a52c2ce44}") = "CoreInfrastructureLayer", "CoreInfrastructureLayer\CoreInfrastructureLayer.csproj", "{81f4ef9e-f0b8-4fb2-8d9d-7f3bc86efd0a}"
EndProject

Global
	GlobalSection(SolutionConfigurationPlatforms) = preSolution
		Debug|Any CPU = Debug|Any CPU
		Release|Any CPU = Release|Any CPU
	EndGlobalSection
	GlobalSection(ProjectConfigurationPlatforms) = postSolution
		{A3FEA4E6-A5DA-47CB-982D-AC5BD6FC60A7}.Debug|Any CPU.ActiveCfg = Debug|Any CPU
		{A3FEA4E6-A5DA-47CB-982D-AC5BD6FC60A7}.Debug|Any CPU.Build.0 = Debug|Any CPU
		{A3FEA4E6-A5DA-47CB-982D-AC5BD6FC60A7}.Release|Any CPU.ActiveCfg = Release|Any CPU
		{A3FEA4E6-A5DA-47CB-982D-AC5BD6FC60A7}.Release|Any CPU.Build.0 = Release|Any CPU
		{E3A3A3A3-3A3A-3A3A-3A3A-3A3A3A3A3A3A}.Debug|Any CPU.ActiveCfg = Debug|Any CPU
		{E3A3A3A3-3A3A-3A3A-3A3A-3A3A3A3A3A3A}.Debug|Any CPU.Build.0 = Debug|Any CPU
		{E3A3A3A3-3A3A-3A3A-3A3A-3A3A3A3A3A3A}.Release|Any CPU.ActiveCfg = Release|Any CPU
		{E3A3A3A3-3A3A-3A3A-3A3A-3A3A3A3A3A3A}.Release|Any CPU.Build.0 = Release|Any CPU
		{7e8a2303-5066-4c7e-9aa6-c0d51f3c2d3f}.Debug|Any CPU.ActiveCfg = Debug|Any CPU
		{7e8a2303-5066-4c7e-9aa6-c0d51f3c2d3f}.Debug|Any CPU.Build.0 = Debug|Any CPU
		{7e8a2303-5066-4c7e-9aa6-c0d51f3c2d3f}.Release|Any CPU.ActiveCfg = Release|Any CPU
		{7e8a2303-5066-4c7e-9aa6-c0d51f3c2d3f}.Release|Any CPU.Build.0 = Release|Any CPU
		{46c61996-171c-45c4-ac1e-81e25581a436}.Debug|Any CPU.ActiveCfg = Debug|Any CPU
		{46c61996-171c-45c4-ac1e-81e25581a436}.Debug|Any CPU.Build.0 = Debug|Any CPU
		{46c61996-171c-45c4-ac1e-81e25581a436}.Release|Any CPU.ActiveCfg = Release|Any CPU
		{46c61996-171c-45c4-ac1e-81e25581a436}.Release|Any CPU.Build.0 = Release|Any CPU
		{81f4ef9e-f0b8-4fb2-8d9d-7f3bc86efd0a}.Debug|Any CPU.ActiveCfg = Debug|Any CPU
		{81f4ef9e-f0b8-4fb2-8d9d-7f3bc86efd0a}.Debug|Any CPU.Build.0 = Debug|Any CPU
		{81f4ef9e-f0b8-4fb2-8d9d-7f3bc86efd0a}.Release|Any CPU.ActiveCfg = Release|Any CPU
		{81f4ef9e-f0b8-4fb2-8d9d-7f3bc86efd0a}.Release|Any CPU.Build.0 = Release|Any CPU
	EndGlobalSection
	GlobalSection(SolutionProperties) = preSolution
		HideSolutionNode = FALSE
	EndGlobalSection
	GlobalSection(ExtensibilityGlobals) = postSolution
		SolutionGuid = {22D2D0B9-EADB-427C-BCCE-35A4B0A41123}
	EndGlobalSection
EndGlobal
